
Microsoft Visual Studio Solution File, Format Version 12.00
# Visual Studio Version 16
VisualStudioVersion = 16.0.31911.196
MinimumVisualStudioVersion = 10.0.40219.1
Project("{9A19103F-16F7-4668-BE54-9A1E7A4F7556}") = "Ado.Net_Tutorial", "Ado.Net_Tutorial\Ado.Net_Tutorial.csproj", "{3F9EDA74-B3C0-403C-8702-7299EF2C30C0}"
EndProject
Project("{2150E333-8FDC-42A3-9474-1A3956D46DE8}") = "ConnectionString", "ConnectionString", "{2290CB1A-33F7-4F90-AB9F-D992DC35A069}"
EndProject
Project("{2150E333-8FDC-42A3-9474-1A3956D46DE8}") = "SqlCommand", "SqlCommand", "{D7C9ECBD-1968-4770-93A5-32C6D0DC47EE}"
EndProject
Project("{9A19103F-16F7-4668-BE54-9A1E7A4F7556}") = "SqlCommands", "SqlCommand\SqlCommands.csproj", "{AE578BD4-DE0E-4BD9-B7EE-BBB358263E92}"
EndProject
Project("{2150E333-8FDC-42A3-9474-1A3956D46DE8}") = "DataInsert", "DataInsert", "{113382BD-98C8-44FB-A83E-B79586C20B9B}"
EndProject
Project("{9A19103F-16F7-4668-BE54-9A1E7A4F7556}") = "Insertion", "Insertion\Insertion.csproj", "{CBEA6F58-9DF4-4C1E-B9BF-07F28727D852}"
EndProject
Project("{2150E333-8FDC-42A3-9474-1A3956D46DE8}") = "DataUpdate", "DataUpdate", "{91C531A3-672C-41E1-A0D1-4AF9EC4D3092}"
EndProject
Project("{9A19103F-16F7-4668-BE54-9A1E7A4F7556}") = "Updated", "Updated\Updated.csproj", "{324657F9-54EC-41CD-9C6C-B076D18BDE08}"
EndProject
Project("{2150E333-8FDC-42A3-9474-1A3956D46DE8}") = "DataDelete", "DataDelete", "{BA7A655E-D491-4995-9200-6E71448902DD}"
EndProject
Project("{9A19103F-16F7-4668-BE54-9A1E7A4F7556}") = "Deletion", "Deletion\Deletion.csproj", "{D417770D-B4A5-4DE0-A491-7AA6DD37BA26}"
EndProject
Project("{2150E333-8FDC-42A3-9474-1A3956D46DE8}") = "ExecuteScaler", "ExecuteScaler", "{90765375-64D0-4656-9453-17255340FCD1}"
EndProject
Project("{9A19103F-16F7-4668-BE54-9A1E7A4F7556}") = "Aggregate_Function", "Aggregate_Function\Aggregate_Function.csproj", "{5B66ECF4-6463-4EAE-81DE-5EAA4856904D}"
EndProject
Project("{9A19103F-16F7-4668-BE54-9A1E7A4F7556}") = "Properties", "Properties\Properties.csproj", "{49EB116C-84F0-4861-AD95-BD08EBCE837C}"
EndProject
Project("{2150E333-8FDC-42A3-9474-1A3956D46DE8}") = "ExecuteReader", "ExecuteReader", "{433B1745-1343-407D-898B-B6725DE0F3A1}"
EndProject
Project("{9A19103F-16F7-4668-BE54-9A1E7A4F7556}") = "GetDatas", "GetDatas\GetDatas.csproj", "{51D8F8B0-C789-4E9C-AED0-688823172B38}"
EndProject
Project("{2150E333-8FDC-42A3-9474-1A3956D46DE8}") = "ExecuteNonQuary", "ExecuteNonQuary", "{7E677EC8-2DBA-4FE1-BE97-0D470475C353}"
EndProject
Project("{2150E333-8FDC-42A3-9474-1A3956D46DE8}") = "SqlDataReader", "SqlDataReader", "{906397F2-A81A-485A-864E-D3FBFE930000}"
EndProject
Project("{9A19103F-16F7-4668-BE54-9A1E7A4F7556}") = "DataSets", "DataSets\DataSets.csproj", "{330ABAD3-78D2-4A90-A0A8-9D4A5982CFA8}"
EndProject
Project("{9A19103F-16F7-4668-BE54-9A1E7A4F7556}") = "DataReader", "DataReader\DataReader.csproj", "{10343E77-BB56-4EE8-A4E8-A16BB7BA09A7}"
EndProject
Project("{9A19103F-16F7-4668-BE54-9A1E7A4F7556}") = "DataReaders", "DataReaders\DataReaders.csproj", "{D715E30D-46B3-4DEF-9787-D0DB7BCC60DD}"
EndProject
Project("{2150E333-8FDC-42A3-9474-1A3956D46DE8}") = "SqlDataAdapter", "SqlDataAdapter", "{38947BF4-688E-44FF-A291-D3F7B9DF4291}"
EndProject
Project("{9A19103F-16F7-4668-BE54-9A1E7A4F7556}") = "DataSet", "DataAdapter\DataSet.csproj", "{1D7F86C8-B748-455B-B96F-5F6C5F16A4FF}"
EndProject
Project("{9A19103F-16F7-4668-BE54-9A1E7A4F7556}") = "DataTables", "DataTable\DataTables.csproj", "{D2253024-DC0E-48FB-8579-DD2EE03F6827}"
EndProject
Project("{9A19103F-16F7-4668-BE54-9A1E7A4F7556}") = "StoreProcedures", "StoreProcedures\StoreProcedures.csproj", "{6B07A999-44CF-4BDF-878A-AE65B0560472}"
EndProject
Project("{2150E333-8FDC-42A3-9474-1A3956D46DE8}") = "DataTable", "DataTable", "{9AFA8FAA-0758-433C-AF2C-87BBD7A2333C}"
EndProject
Project("{9A19103F-16F7-4668-BE54-9A1E7A4F7556}") = "InsertDataTables", "InsertDataTables\InsertDataTables.csproj", "{35CF6CC9-DC9E-4C85-B005-E88A54E8EA6E}"
EndProject
Project("{9A19103F-16F7-4668-BE54-9A1E7A4F7556}") = "Copy_Clone_DataTable", "Copy_Clone_DataTable\Copy_Clone_DataTable.csproj", "{4479844B-9A2F-4529-8162-A7241EB4806A}"
EndProject
Project("{2150E333-8FDC-42A3-9474-1A3956D46DE8}") = "DataSet", "DataSet", "{BC3CEFD1-373B-49AC-AD1E-0659BAD351D1}"
EndProject
Project("{9A19103F-16F7-4668-BE54-9A1E7A4F7556}") = "SqlDataSet", "SqlDataSet\SqlDataSet.csproj", "{A3769CE2-1F33-4691-99EC-29696DDB4F44}"
EndProject
Project("{2150E333-8FDC-42A3-9474-1A3956D46DE8}") = "CRUD", "CRUD", "{F283F6AC-81C8-4F1A-9B6B-8DEBC4905038}"
EndProject
Project("{FAE04EC0-301F-11D3-BF4B-00C04F79EFBC}") = "WebApplication", "WebApplication\WebApplication.csproj", "{C5791646-7B04-48BB-ADA4-0ACE459CD4EF}"
EndProject
Global
	GlobalSection(SolutionConfigurationPlatforms) = preSolution
		Debug|Any CPU = Debug|Any CPU
		Release|Any CPU = Release|Any CPU
	EndGlobalSection
	GlobalSection(ProjectConfigurationPlatforms) = postSolution
		{3F9EDA74-B3C0-403C-8702-7299EF2C30C0}.Debug|Any CPU.ActiveCfg = Debug|Any CPU
		{3F9EDA74-B3C0-403C-8702-7299EF2C30C0}.Debug|Any CPU.Build.0 = Debug|Any CPU
		{3F9EDA74-B3C0-403C-8702-7299EF2C30C0}.Release|Any CPU.ActiveCfg = Release|Any CPU
		{3F9EDA74-B3C0-403C-8702-7299EF2C30C0}.Release|Any CPU.Build.0 = Release|Any CPU
		{AE578BD4-DE0E-4BD9-B7EE-BBB358263E92}.Debug|Any CPU.ActiveCfg = Debug|Any CPU
		{AE578BD4-DE0E-4BD9-B7EE-BBB358263E92}.Debug|Any CPU.Build.0 = Debug|Any CPU
		{AE578BD4-DE0E-4BD9-B7EE-BBB358263E92}.Release|Any CPU.ActiveCfg = Release|Any CPU
		{AE578BD4-DE0E-4BD9-B7EE-BBB358263E92}.Release|Any CPU.Build.0 = Release|Any CPU
		{CBEA6F58-9DF4-4C1E-B9BF-07F28727D852}.Debug|Any CPU.ActiveCfg = Debug|Any CPU
		{CBEA6F58-9DF4-4C1E-B9BF-07F28727D852}.Debug|Any CPU.Build.0 = Debug|Any CPU
		{CBEA6F58-9DF4-4C1E-B9BF-07F28727D852}.Release|Any CPU.ActiveCfg = Release|Any CPU
		{CBEA6F58-9DF4-4C1E-B9BF-07F28727D852}.Release|Any CPU.Build.0 = Release|Any CPU
		{324657F9-54EC-41CD-9C6C-B076D18BDE08}.Debug|Any CPU.ActiveCfg = Debug|Any CPU
		{324657F9-54EC-41CD-9C6C-B076D18BDE08}.Debug|Any CPU.Build.0 = Debug|Any CPU
		{324657F9-54EC-41CD-9C6C-B076D18BDE08}.Release|Any CPU.ActiveCfg = Release|Any CPU
		{324657F9-54EC-41CD-9C6C-B076D18BDE08}.Release|Any CPU.Build.0 = Release|Any CPU
		{D417770D-B4A5-4DE0-A491-7AA6DD37BA26}.Debug|Any CPU.ActiveCfg = Debug|Any CPU
		{D417770D-B4A5-4DE0-A491-7AA6DD37BA26}.Debug|Any CPU.Build.0 = Debug|Any CPU
		{D417770D-B4A5-4DE0-A491-7AA6DD37BA26}.Release|Any CPU.ActiveCfg = Release|Any CPU
		{D417770D-B4A5-4DE0-A491-7AA6DD37BA26}.Release|Any CPU.Build.0 = Release|Any CPU
		{5B66ECF4-6463-4EAE-81DE-5EAA4856904D}.Debug|Any CPU.ActiveCfg = Debug|Any CPU
		{5B66ECF4-6463-4EAE-81DE-5EAA4856904D}.Debug|Any CPU.Build.0 = Debug|Any CPU
		{5B66ECF4-6463-4EAE-81DE-5EAA4856904D}.Release|Any CPU.ActiveCfg = Release|Any CPU
		{5B66ECF4-6463-4EAE-81DE-5EAA4856904D}.Release|Any CPU.Build.0 = Release|Any CPU
		{49EB116C-84F0-4861-AD95-BD08EBCE837C}.Debug|Any CPU.ActiveCfg = Debug|Any CPU
		{49EB116C-84F0-4861-AD95-BD08EBCE837C}.Debug|Any CPU.Build.0 = Debug|Any CPU
		{49EB116C-84F0-4861-AD95-BD08EBCE837C}.Release|Any CPU.ActiveCfg = Release|Any CPU
		{49EB116C-84F0-4861-AD95-BD08EBCE837C}.Release|Any CPU.Build.0 = Release|Any CPU
		{51D8F8B0-C789-4E9C-AED0-688823172B38}.Debug|Any CPU.ActiveCfg = Debug|Any CPU
		{51D8F8B0-C789-4E9C-AED0-688823172B38}.Debug|Any CPU.Build.0 = Debug|Any CPU
		{51D8F8B0-C789-4E9C-AED0-688823172B38}.Release|Any CPU.ActiveCfg = Release|Any CPU
		{51D8F8B0-C789-4E9C-AED0-688823172B38}.Release|Any CPU.Build.0 = Release|Any CPU
		{330ABAD3-78D2-4A90-A0A8-9D4A5982CFA8}.Debug|Any CPU.ActiveCfg = Debug|Any CPU
		{330ABAD3-78D2-4A90-A0A8-9D4A5982CFA8}.Debug|Any CPU.Build.0 = Debug|Any CPU
		{330ABAD3-78D2-4A90-A0A8-9D4A5982CFA8}.Release|Any CPU.ActiveCfg = Release|Any CPU
		{330ABAD3-78D2-4A90-A0A8-9D4A5982CFA8}.Release|Any CPU.Build.0 = Release|Any CPU
		{10343E77-BB56-4EE8-A4E8-A16BB7BA09A7}.Debug|Any CPU.ActiveCfg = Debug|Any CPU
		{10343E77-BB56-4EE8-A4E8-A16BB7BA09A7}.Debug|Any CPU.Build.0 = Debug|Any CPU
		{10343E77-BB56-4EE8-A4E8-A16BB7BA09A7}.Release|Any CPU.ActiveCfg = Release|Any CPU
		{10343E77-BB56-4EE8-A4E8-A16BB7BA09A7}.Release|Any CPU.Build.0 = Release|Any CPU
		{D715E30D-46B3-4DEF-9787-D0DB7BCC60DD}.Debug|Any CPU.ActiveCfg = Debug|Any CPU
		{D715E30D-46B3-4DEF-9787-D0DB7BCC60DD}.Debug|Any CPU.Build.0 = Debug|Any CPU
		{D715E30D-46B3-4DEF-9787-D0DB7BCC60DD}.Release|Any CPU.ActiveCfg = Release|Any CPU
		{D715E30D-46B3-4DEF-9787-D0DB7BCC60DD}.Release|Any CPU.Build.0 = Release|Any CPU
		{1D7F86C8-B748-455B-B96F-5F6C5F16A4FF}.Debug|Any CPU.ActiveCfg = Debug|Any CPU
		{1D7F86C8-B748-455B-B96F-5F6C5F16A4FF}.Debug|Any CPU.Build.0 = Debug|Any CPU
		{1D7F86C8-B748-455B-B96F-5F6C5F16A4FF}.Release|Any CPU.ActiveCfg = Release|Any CPU
		{1D7F86C8-B748-455B-B96F-5F6C5F16A4FF}.Release|Any CPU.Build.0 = Release|Any CPU
		{D2253024-DC0E-48FB-8579-DD2EE03F6827}.Debug|Any CPU.ActiveCfg = Debug|Any CPU
		{D2253024-DC0E-48FB-8579-DD2EE03F6827}.Debug|Any CPU.Build.0 = Debug|Any CPU
		{D2253024-DC0E-48FB-8579-DD2EE03F6827}.Release|Any CPU.ActiveCfg = Release|Any CPU
		{D2253024-DC0E-48FB-8579-DD2EE03F6827}.Release|Any CPU.Build.0 = Release|Any CPU
		{6B07A999-44CF-4BDF-878A-AE65B0560472}.Debug|Any CPU.ActiveCfg = Debug|Any CPU
		{6B07A999-44CF-4BDF-878A-AE65B0560472}.Debug|Any CPU.Build.0 = Debug|Any CPU
		{6B07A999-44CF-4BDF-878A-AE65B0560472}.Release|Any CPU.ActiveCfg = Release|Any CPU
		{6B07A999-44CF-4BDF-878A-AE65B0560472}.Release|Any CPU.Build.0 = Release|Any CPU
		{35CF6CC9-DC9E-4C85-B005-E88A54E8EA6E}.Debug|Any CPU.ActiveCfg = Debug|Any CPU
		{35CF6CC9-DC9E-4C85-B005-E88A54E8EA6E}.Debug|Any CPU.Build.0 = Debug|Any CPU
		{35CF6CC9-DC9E-4C85-B005-E88A54E8EA6E}.Release|Any CPU.ActiveCfg = Release|Any CPU
		{35CF6CC9-DC9E-4C85-B005-E88A54E8EA6E}.Release|Any CPU.Build.0 = Release|Any CPU
		{4479844B-9A2F-4529-8162-A7241EB4806A}.Debug|Any CPU.ActiveCfg = Debug|Any CPU
		{4479844B-9A2F-4529-8162-A7241EB4806A}.Debug|Any CPU.Build.0 = Debug|Any CPU
		{4479844B-9A2F-4529-8162-A7241EB4806A}.Release|Any CPU.ActiveCfg = Release|Any CPU
		{4479844B-9A2F-4529-8162-A7241EB4806A}.Release|Any CPU.Build.0 = Release|Any CPU
		{A3769CE2-1F33-4691-99EC-29696DDB4F44}.Debug|Any CPU.ActiveCfg = Debug|Any CPU
		{A3769CE2-1F33-4691-99EC-29696DDB4F44}.Debug|Any CPU.Build.0 = Debug|Any CPU
		{A3769CE2-1F33-4691-99EC-29696DDB4F44}.Release|Any CPU.ActiveCfg = Release|Any CPU
		{A3769CE2-1F33-4691-99EC-29696DDB4F44}.Release|Any CPU.Build.0 = Release|Any CPU
		{C5791646-7B04-48BB-ADA4-0ACE459CD4EF}.Debug|Any CPU.ActiveCfg = Debug|Any CPU
		{C5791646-7B04-48BB-ADA4-0ACE459CD4EF}.Debug|Any CPU.Build.0 = Debug|Any CPU
		{C5791646-7B04-48BB-ADA4-0ACE459CD4EF}.Release|Any CPU.ActiveCfg = Release|Any CPU
		{C5791646-7B04-48BB-ADA4-0ACE459CD4EF}.Release|Any CPU.Build.0 = Release|Any CPU
	EndGlobalSection
	GlobalSection(SolutionProperties) = preSolution
		HideSolutionNode = FALSE
	EndGlobalSection
	GlobalSection(NestedProjects) = preSolution
		{3F9EDA74-B3C0-403C-8702-7299EF2C30C0} = {2290CB1A-33F7-4F90-AB9F-D992DC35A069}
		{AE578BD4-DE0E-4BD9-B7EE-BBB358263E92} = {D7C9ECBD-1968-4770-93A5-32C6D0DC47EE}
		{113382BD-98C8-44FB-A83E-B79586C20B9B} = {7E677EC8-2DBA-4FE1-BE97-0D470475C353}
		{CBEA6F58-9DF4-4C1E-B9BF-07F28727D852} = {113382BD-98C8-44FB-A83E-B79586C20B9B}
		{91C531A3-672C-41E1-A0D1-4AF9EC4D3092} = {7E677EC8-2DBA-4FE1-BE97-0D470475C353}
		{324657F9-54EC-41CD-9C6C-B076D18BDE08} = {91C531A3-672C-41E1-A0D1-4AF9EC4D3092}
		{BA7A655E-D491-4995-9200-6E71448902DD} = {7E677EC8-2DBA-4FE1-BE97-0D470475C353}
		{D417770D-B4A5-4DE0-A491-7AA6DD37BA26} = {BA7A655E-D491-4995-9200-6E71448902DD}
		{5B66ECF4-6463-4EAE-81DE-5EAA4856904D} = {90765375-64D0-4656-9453-17255340FCD1}
		{49EB116C-84F0-4861-AD95-BD08EBCE837C} = {906397F2-A81A-485A-864E-D3FBFE930000}
		{51D8F8B0-C789-4E9C-AED0-688823172B38} = {433B1745-1343-407D-898B-B6725DE0F3A1}
		{330ABAD3-78D2-4A90-A0A8-9D4A5982CFA8} = {906397F2-A81A-485A-864E-D3FBFE930000}
		{10343E77-BB56-4EE8-A4E8-A16BB7BA09A7} = {906397F2-A81A-485A-864E-D3FBFE930000}
		{D715E30D-46B3-4DEF-9787-D0DB7BCC60DD} = {906397F2-A81A-485A-864E-D3FBFE930000}
		{1D7F86C8-B748-455B-B96F-5F6C5F16A4FF} = {38947BF4-688E-44FF-A291-D3F7B9DF4291}
		{D2253024-DC0E-48FB-8579-DD2EE03F6827} = {38947BF4-688E-44FF-A291-D3F7B9DF4291}
		{6B07A999-44CF-4BDF-878A-AE65B0560472} = {38947BF4-688E-44FF-A291-D3F7B9DF4291}
		{35CF6CC9-DC9E-4C85-B005-E88A54E8EA6E} = {9AFA8FAA-0758-433C-AF2C-87BBD7A2333C}
		{4479844B-9A2F-4529-8162-A7241EB4806A} = {9AFA8FAA-0758-433C-AF2C-87BBD7A2333C}
		{A3769CE2-1F33-4691-99EC-29696DDB4F44} = {BC3CEFD1-373B-49AC-AD1E-0659BAD351D1}
		{C5791646-7B04-48BB-ADA4-0ACE459CD4EF} = {F283F6AC-81C8-4F1A-9B6B-8DEBC4905038}
	EndGlobalSection
	GlobalSection(ExtensibilityGlobals) = postSolution
		SolutionGuid = {73C6A0FE-EFC2-466C-ACFD-C2102F7DEDD5}
	EndGlobalSection
EndGlobal
